
Microsoft Visual Studio Solution File, Format Version 12.00
# Visual Studio Version 16
VisualStudioVersion = 16.0.31729.503
MinimumVisualStudioVersion = 10.0.40219.1
Project("{FAE04EC0-301F-11D3-BF4B-00C04F79EFBC}") = "1_TypyGeneryczne", "1_TypyGeneryczne.csproj", "{5CEC7F4D-08F9-4F0A-8028-16C5CBA1C2E0}"
EndProject
Project("{FAE04EC0-301F-11D3-BF4B-00C04F79EFBC}") = "2_KolekcjeGeneryczne", "..\2_KolekcjeGeneryczne\2_KolekcjeGeneryczne.csproj", "{865AD7EC-1EB4-4565-8EFD-2D4E6F1ECB94}"
EndProject
Project("{FAE04EC0-301F-11D3-BF4B-00C04F79EFBC}") = "1_TypyGeneryczneTests", "..\1_TypyGeneryczneTests\1_TypyGeneryczneTests.csproj", "{83047D0A-0674-4E54-97B2-0632757A7D91}"
EndProject
Project("{FAE04EC0-301F-11D3-BF4B-00C04F79EFBC}") = "2_KolekcjeGeneryczneTests", "..\_2_KolekcjeGeneryczneTests\2_KolekcjeGeneryczneTests.csproj", "{A2649759-B262-41E8-82ED-94557AD6AE29}"
EndProject
Project("{FAE04EC0-301F-11D3-BF4B-00C04F79EFBC}") = "3_KlasyIInterfejsy_GeneryczneTests", "..\UnitTestProject1\3_KlasyIInterfejsy_GeneryczneTests.csproj", "{1B744FDB-D8CB-47B0-92FF-37932F18CF10}"
EndProject
Project("{FAE04EC0-301F-11D3-BF4B-00C04F79EFBC}") = "3_KlasyIInterfejsy_Generyczne", "..\_3_KlasyIInterfejsy_Generyczne\3_KlasyIInterfejsy_Generyczne.csproj", "{5BFE31B5-9735-4AF3-88EC-0AB32B8EC872}"
EndProject
Project("{FAE04EC0-301F-11D3-BF4B-00C04F79EFBC}") = "4_MetodyDelegatyGeneryczne", "..\_4_MetodyDelegatyGeneryczne\4_MetodyDelegatyGeneryczne.csproj", "{F703761F-83EC-45B4-A45C-950EA2C2FE13}"
EndProject
Global
	GlobalSection(SolutionConfigurationPlatforms) = preSolution
		Debug|Any CPU = Debug|Any CPU
		Release|Any CPU = Release|Any CPU
	EndGlobalSection
	GlobalSection(ProjectConfigurationPlatforms) = postSolution
		{5CEC7F4D-08F9-4F0A-8028-16C5CBA1C2E0}.Debug|Any CPU.ActiveCfg = Debug|Any CPU
		{5CEC7F4D-08F9-4F0A-8028-16C5CBA1C2E0}.Debug|Any CPU.Build.0 = Debug|Any CPU
		{5CEC7F4D-08F9-4F0A-8028-16C5CBA1C2E0}.Release|Any CPU.ActiveCfg = Release|Any CPU
		{5CEC7F4D-08F9-4F0A-8028-16C5CBA1C2E0}.Release|Any CPU.Build.0 = Release|Any CPU
		{865AD7EC-1EB4-4565-8EFD-2D4E6F1ECB94}.Debug|Any CPU.ActiveCfg = Debug|Any CPU
		{865AD7EC-1EB4-4565-8EFD-2D4E6F1ECB94}.Debug|Any CPU.Build.0 = Debug|Any CPU
		{865AD7EC-1EB4-4565-8EFD-2D4E6F1ECB94}.Release|Any CPU.ActiveCfg = Release|Any CPU
		{865AD7EC-1EB4-4565-8EFD-2D4E6F1ECB94}.Release|Any CPU.Build.0 = Release|Any CPU
		{83047D0A-0674-4E54-97B2-0632757A7D91}.Debug|Any CPU.ActiveCfg = Debug|Any CPU
		{83047D0A-0674-4E54-97B2-0632757A7D91}.Debug|Any CPU.Build.0 = Debug|Any CPU
		{83047D0A-0674-4E54-97B2-0632757A7D91}.Release|Any CPU.ActiveCfg = Release|Any CPU
		{83047D0A-0674-4E54-97B2-0632757A7D91}.Release|Any CPU.Build.0 = Release|Any CPU
		{A2649759-B262-41E8-82ED-94557AD6AE29}.Debug|Any CPU.ActiveCfg = Debug|Any CPU
		{A2649759-B262-41E8-82ED-94557AD6AE29}.Debug|Any CPU.Build.0 = Debug|Any CPU
		{A2649759-B262-41E8-82ED-94557AD6AE29}.Release|Any CPU.ActiveCfg = Release|Any CPU
		{A2649759-B262-41E8-82ED-94557AD6AE29}.Release|Any CPU.Build.0 = Release|Any CPU
		{1B744FDB-D8CB-47B0-92FF-37932F18CF10}.Debug|Any CPU.ActiveCfg = Debug|Any CPU
		{1B744FDB-D8CB-47B0-92FF-37932F18CF10}.Debug|Any CPU.Build.0 = Debug|Any CPU
		{1B744FDB-D8CB-47B0-92FF-37932F18CF10}.Release|Any CPU.ActiveCfg = Release|Any CPU
		{1B744FDB-D8CB-47B0-92FF-37932F18CF10}.Release|Any CPU.Build.0 = Release|Any CPU
		{5BFE31B5-9735-4AF3-88EC-0AB32B8EC872}.Debug|Any CPU.ActiveCfg = Debug|Any CPU
		{5BFE31B5-9735-4AF3-88EC-0AB32B8EC872}.Debug|Any CPU.Build.0 = Debug|Any CPU
		{5BFE31B5-9735-4AF3-88EC-0AB32B8EC872}.Release|Any CPU.ActiveCfg = Release|Any CPU
		{5BFE31B5-9735-4AF3-88EC-0AB32B8EC872}.Release|Any CPU.Build.0 = Release|Any CPU
		{F703761F-83EC-45B4-A45C-950EA2C2FE13}.Debug|Any CPU.ActiveCfg = Debug|Any CPU
		{F703761F-83EC-45B4-A45C-950EA2C2FE13}.Debug|Any CPU.Build.0 = Debug|Any CPU
		{F703761F-83EC-45B4-A45C-950EA2C2FE13}.Release|Any CPU.ActiveCfg = Release|Any CPU
		{F703761F-83EC-45B4-A45C-950EA2C2FE13}.Release|Any CPU.Build.0 = Release|Any CPU
	EndGlobalSection
	GlobalSection(SolutionProperties) = preSolution
		HideSolutionNode = FALSE
	EndGlobalSection
	GlobalSection(ExtensibilityGlobals) = postSolution
		SolutionGuid = {0628D390-CF7B-4AE4-A6FA-94A61ECE6915}
	EndGlobalSection
EndGlobal
